
Microsoft Visual Studio Solution File, Format Version 12.00
# Visual Studio Version 16
VisualStudioVersion = 16.0.29728.190
MinimumVisualStudioVersion = 10.0.40219.1
Project("{FAE04EC0-301F-11D3-BF4B-00C04F79EFBC}") = "Sweepstakes", "Sweepstakes.csproj", "{27C59353-8947-4877-8AB8-2E48296C78FA}"
EndProject
Global
	GlobalSection(SolutionConfigurationPlatforms) = preSolution
		Debug|Any CPU = Debug|Any CPU
		Release|Any CPU = Release|Any CPU
	EndGlobalSection
	GlobalSection(ProjectConfigurationPlatforms) = postSolution
		{27C59353-8947-4877-8AB8-2E48296C78FA}.Debug|Any CPU.ActiveCfg = Debug|Any CPU
		{27C59353-8947-4877-8AB8-2E48296C78FA}.Debug|Any CPU.Build.0 = Debug|Any CPU
		{27C59353-8947-4877-8AB8-2E48296C78FA}.Release|Any CPU.ActiveCfg = Release|Any CPU
		{27C59353-8947-4877-8AB8-2E48296C78FA}.Release|Any CPU.Build.0 = Release|Any CPU
	EndGlobalSection
	GlobalSection(SolutionProperties) = preSolution
		HideSolutionNode = FALSE
	EndGlobalSection
	GlobalSection(ExtensibilityGlobals) = postSolution
		SolutionGuid = {38C86582-5B61-40D1-A238-B7537D87C6BD}
	EndGlobalSection
EndGlobal
